{
  "name": "unihub",
  "lockfileVersion": 2,
  "requires": true,
  "packages": {
    "": {
      "dependencies": {
        "profanity-filter": "^0.2.1"
      }
    },
    "node_modules/profanity-filter": {
      "version": "0.2.1",
      "resolved": "https://registry.npmjs.org/profanity-filter/-/profanity-filter-0.2.1.tgz",
      "integrity": "sha1-udwKuBvAhjGZ/zJmegVH8lSIXos=",
      "engines": {
        "node": ">= 0.8.0"
      }
    }
  },
  "dependencies": {
    "profanity-filter": {
      "version": "0.2.1",
      "resolved": "https://registry.npmjs.org/profanity-filter/-/profanity-filter-0.2.1.tgz",
      "integrity": "sha1-udwKuBvAhjGZ/zJmegVH8lSIXos="
    }
  }
}
